
Microsoft Visual Studio Solution File, Format Version 12.00
# Visual Studio Version 16
VisualStudioVersion = 16.0.29519.181
MinimumVisualStudioVersion = 10.0.40219.1
Project("{FAE04EC0-301F-11D3-BF4B-00C04F79EFBC}") = "WiiRemoteAppTest", "WiiRemoteAppTest\WiiRemoteAppTest.csproj", "{905A7CED-2217-4F0F-8B6D-47D336B5BBCD}"
EndProject
Global
	GlobalSection(SolutionConfigurationPlatforms) = preSolution
		Debug|Any CPU = Debug|Any CPU
		Release|Any CPU = Release|Any CPU
	EndGlobalSection
	GlobalSection(ProjectConfigurationPlatforms) = postSolution
		{905A7CED-2217-4F0F-8B6D-47D336B5BBCD}.Debug|Any CPU.ActiveCfg = Debug|Any CPU
		{905A7CED-2217-4F0F-8B6D-47D336B5BBCD}.Debug|Any CPU.Build.0 = Debug|Any CPU
		{905A7CED-2217-4F0F-8B6D-47D336B5BBCD}.Release|Any CPU.ActiveCfg = Release|Any CPU
		{905A7CED-2217-4F0F-8B6D-47D336B5BBCD}.Release|Any CPU.Build.0 = Release|Any CPU
	EndGlobalSection
	GlobalSection(SolutionProperties) = preSolution
		HideSolutionNode = FALSE
	EndGlobalSection
	GlobalSection(ExtensibilityGlobals) = postSolution
		SolutionGuid = {A2F7CAAE-B2FC-4E31-89E9-CBCBE7927741}
	EndGlobalSection
EndGlobal
